
Microsoft Visual Studio Solution File, Format Version 12.00
# Visual Studio Version 16
VisualStudioVersion = 16.0.30204.135
MinimumVisualStudioVersion = 10.0.40219.1
Project("{FAE04EC0-301F-11D3-BF4B-00C04F79EFBC}") = "ProjetoTeste", "ProjetoTeste\ProjetoTeste.csproj", "{476BBD18-87D5-46AF-9172-3833D4952203}"
EndProject
Global
	GlobalSection(SolutionConfigurationPlatforms) = preSolution
		Debug|Any CPU = Debug|Any CPU
		Release|Any CPU = Release|Any CPU
	EndGlobalSection
	GlobalSection(ProjectConfigurationPlatforms) = postSolution
		{476BBD18-87D5-46AF-9172-3833D4952203}.Debug|Any CPU.ActiveCfg = Debug|Any CPU
		{476BBD18-87D5-46AF-9172-3833D4952203}.Debug|Any CPU.Build.0 = Debug|Any CPU
		{476BBD18-87D5-46AF-9172-3833D4952203}.Release|Any CPU.ActiveCfg = Release|Any CPU
		{476BBD18-87D5-46AF-9172-3833D4952203}.Release|Any CPU.Build.0 = Release|Any CPU
	EndGlobalSection
	GlobalSection(SolutionProperties) = preSolution
		HideSolutionNode = FALSE
	EndGlobalSection
	GlobalSection(ExtensibilityGlobals) = postSolution
		SolutionGuid = {DD38F453-6BCD-4AAF-9EE0-529A3F2F2675}
	EndGlobalSection
EndGlobal
